
Microsoft Visual Studio Solution File, Format Version 12.00
# Visual Studio Version 17
VisualStudioVersion = 17.5.002.0
MinimumVisualStudioVersion = 10.0.40219.1
Project("{9A19103F-16F7-4668-BE54-9A1E7A4F7556}") = "Kalbe", "Kalbe.csproj", "{66C736A7-6E2C-43F3-96B8-3EE62FA5A621}"
EndProject
Global
	GlobalSection(SolutionConfigurationPlatforms) = preSolution
		Debug|Any CPU = Debug|Any CPU
		Release|Any CPU = Release|Any CPU
	EndGlobalSection
	GlobalSection(ProjectConfigurationPlatforms) = postSolution
		{66C736A7-6E2C-43F3-96B8-3EE62FA5A621}.Debug|Any CPU.ActiveCfg = Debug|Any CPU
		{66C736A7-6E2C-43F3-96B8-3EE62FA5A621}.Debug|Any CPU.Build.0 = Debug|Any CPU
		{66C736A7-6E2C-43F3-96B8-3EE62FA5A621}.Release|Any CPU.ActiveCfg = Release|Any CPU
		{66C736A7-6E2C-43F3-96B8-3EE62FA5A621}.Release|Any CPU.Build.0 = Release|Any CPU
	EndGlobalSection
	GlobalSection(SolutionProperties) = preSolution
		HideSolutionNode = FALSE
	EndGlobalSection
	GlobalSection(ExtensibilityGlobals) = postSolution
		SolutionGuid = {872B9D37-70AB-439A-90EF-7167185C547E}
	EndGlobalSection
EndGlobal
